<?xml version="1.0" encoding="UTF-8"?>
<Scheme
   LastUpgradeVersion = "1620"
   version = "1.7">
   <BuildAction
      parallelizeBuildables = "YES"
      buildImplicitDependencies = "YES"
      buildArchitectures = "Automatic">
      <BuildActionEntries>
         <BuildActionEntry
            buildForTesting = "YES"
            buildForRunning = "YES"
            buildForProfiling = "YES"
            buildForArchiving = "YES"
            buildForAnalyzing = "YES">
            <BuildableReference
               BuildableIdentifier = "primary"
               BlueprintIdentifier = "3141DD022D948A73008C9837"
               BuildableName = "HTApp.app"
               BlueprintName = "HTApp"
               ReferencedContainer = "container:HTApp.xcodeproj">
            </BuildableReference>
         </BuildActionEntry>
      </BuildActionEntries>
   </BuildAction>
   <TestAction
      buildConfiguration = "Debug"
      selectedDebuggerIdentifier = "Xcode.DebuggerFoundation.Debugger.LLDB"
      selectedLauncherIdentifier = "Xcode.DebuggerFoundation.Launcher.LLDB"
      shouldUseLaunchSchemeArgsEnv = "YES"
      shouldAutocreateTestPlan = "YES">
      <Testables>
         <TestableReference
            skipped = "NO"
            parallelizable = "YES">
            <BuildableReference
               BuildableIdentifier = "primary"
               BlueprintIdentifier = "3141DD132D948A75008C9837"
               BuildableName = "HTAppTests.xctest"
               BlueprintName = "HTAppTests"
               ReferencedContainer = "container:HTApp.xcodeproj">
            </BuildableReference>
         </TestableReference>
         <TestableReference
            skipped = "NO"
            parallelizable = "YES">
            <BuildableReference
               BuildableIdentifier = "primary"
               BlueprintIdentifier = "3141DD1D2D948A75008C9837"
               BuildableName = "HTAppUITests.xctest"
               BlueprintName = "HTAppUITests"
               ReferencedContainer = "container:HTApp.xcodeproj">
            </BuildableReference>
         </TestableReference>
      </Testables>
   </TestAction>
   <LaunchAction
      buildConfiguration = "Debug"
      selectedDebuggerIdentifier = "Xcode.DebuggerFoundation.Debugger.LLDB"
      selectedLauncherIdentifier = "Xcode.DebuggerFoundation.Launcher.LLDB"
      launchStyle = "0"
      useCustomWorkingDirectory = "NO"
      ignoresPersistentStateOnLaunch = "NO"
      debugDocumentVersioning = "YES"
      debugServiceExtension = "internal"
      allowLocationSimulation = "YES">
      <BuildableProductRunnable
         runnableDebuggingMode = "0">
         <BuildableReference
            BuildableIdentifier = "primary"
            BlueprintIdentifier = "3141DD022D948A73008C9837"
            BuildableName = "HTApp.app"
            BlueprintName = "HTApp"
            ReferencedContainer = "container:HTApp.xcodeproj">
         </BuildableReference>
      </BuildableProductRunnable>
      <EnvironmentVariables>
         <EnvironmentVariable
            key = "DB_URL"
            value = "postgresql://htapp_vmdc_user:vs0HTJAkjvztPeTa4VVCaXQZSzypMkkN@dpg-d075nm2li9vc73f02ejg-a.oregon-postgres.render.com/htapp_vmdc"
            isEnabled = "YES">
         </EnvironmentVariable>
         <EnvironmentVariable
            key = "MAP_API_KEY"
            value = "AIzaSyC2yPOEWxrF_381zpLA8ZSyUqCMzC3C6nA"
            isEnabled = "YES">
         </EnvironmentVariable>
         <EnvironmentVariable
            key = "GEMINI_API_KEY"
            value = "AIzaSyCJM6M8weEKbA01yQukt734lHsfU-DuzqQ"
            isEnabled = "YES">
         </EnvironmentVariable>
      </EnvironmentVariables>
   </LaunchAction>
   <ProfileAction
      buildConfiguration = "Release"
      shouldUseLaunchSchemeArgsEnv = "YES"
      savedToolIdentifier = ""
      useCustomWorkingDirectory = "NO"
      debugDocumentVersioning = "YES">
      <BuildableProductRunnable
         runnableDebuggingMode = "0">
         <BuildableReference
            BuildableIdentifier = "primary"
            BlueprintIdentifier = "3141DD022D948A73008C9837"
            BuildableName = "HTApp.app"
            BlueprintName = "HTApp"
            ReferencedContainer = "container:HTApp.xcodeproj">
         </BuildableReference>
      </BuildableProductRunnable>
   </ProfileAction>
   <AnalyzeAction
      buildConfiguration = "Debug">
   </AnalyzeAction>
   <ArchiveAction
      buildConfiguration = "Release"
      revealArchiveInOrganizer = "YES">
   </ArchiveAction>
</Scheme>
