// !$*UTF8*$!
{
	archiveVersion = 1;
	classes = {
	};
	objectVersion = 77;
	objects = {

/* Begin PBXBuildFile section */
		3119D8312D94AF930000E285 /* GooglePlaces in Frameworks */ = {isa = PBXBuildFile; productRef = 3119D8302D94AF930000E285 /* GooglePlaces */; };
		3119D8332D94AF930000E285 /* GooglePlacesSwift in Frameworks */ = {isa = PBXBuildFile; productRef = 3119D8322D94AF930000E285 /* GooglePlacesSwift */; };
		311C95F32D963E6500C70582 /* GoogleGenerativeAI in Frameworks */ = {isa = PBXBuildFile; productRef = 311C95F22D963E6500C70582 /* GoogleGenerativeAI */; };
		3141DD392D9497F3008C9837 /* PostgresNIO in Frameworks */ = {isa = PBXBuildFile; productRef = 3141DD382D9497F3008C9837 /* PostgresNIO */; };
		3141DD3B2D9497F3008C9837 /* _ConnectionPoolModule in Frameworks */ = {isa = PBXBuildFile; productRef = 3141DD3A2D9497F3008C9837 /* _ConnectionPoolModule */; };
		3141DD3F2D949903008C9837 /* GoogleMaps in Frameworks */ = {isa = PBXBuildFile; productRef = 3141DD3E2D949903008C9837 /* GoogleMaps */; };
/* End PBXBuildFile section */

/* Begin PBXContainerItemProxy section */
		3141DD152D948A75008C9837 /* PBXContainerItemProxy */ = {
			isa = PBXContainerItemProxy;
			containerPortal = 3141DCFB2D948A73008C9837 /* Project object */;
			proxyType = 1;
			remoteGlobalIDString = 3141DD022D948A73008C9837;
			remoteInfo = HTApp;
		};
		3141DD1F2D948A75008C9837 /* PBXContainerItemProxy */ = {
			isa = PBXContainerItemProxy;
			containerPortal = 3141DCFB2D948A73008C9837 /* Project object */;
			proxyType = 1;
			remoteGlobalIDString = 3141DD022D948A73008C9837;
			remoteInfo = HTApp;
		};
/* End PBXContainerItemProxy section */

/* Begin PBXFileReference section */
		3141DD032D948A73008C9837 /* HTApp.app */ = {isa = PBXFileReference; explicitFileType = wrapper.application; includeInIndex = 0; path = HTApp.app; sourceTree = BUILT_PRODUCTS_DIR; };
		3141DD142D948A75008C9837 /* HTAppTests.xctest */ = {isa = PBXFileReference; explicitFileType = wrapper.cfbundle; includeInIndex = 0; path = HTAppTests.xctest; sourceTree = BUILT_PRODUCTS_DIR; };
		3141DD1E2D948A75008C9837 /* HTAppUITests.xctest */ = {isa = PBXFileReference; explicitFileType = wrapper.cfbundle; includeInIndex = 0; path = HTAppUITests.xctest; sourceTree = BUILT_PRODUCTS_DIR; };
/* End PBXFileReference section */

/* Begin PBXFileSystemSynchronizedBuildFileExceptionSet section */
		3141DD5A2D949CDC008C9837 /* Exceptions for "HTApp" folder in "HTApp" target */ = {
			isa = PBXFileSystemSynchronizedBuildFileExceptionSet;
			membershipExceptions = (
				Info.plist,
			);
			target = 3141DD022D948A73008C9837 /* HTApp */;
		};
/* End PBXFileSystemSynchronizedBuildFileExceptionSet section */

/* Begin PBXFileSystemSynchronizedRootGroup section */
		3141DD052D948A73008C9837 /* HTApp */ = {
			isa = PBXFileSystemSynchronizedRootGroup;
			exceptions = (
				3141DD5A2D949CDC008C9837 /* Exceptions for "HTApp" folder in "HTApp" target */,
			);
			explicitFileTypes = {
				data.json = text.json;
			};
			path = HTApp;
			sourceTree = "<group>";
		};
		3141DD172D948A75008C9837 /* HTAppTests */ = {
			isa = PBXFileSystemSynchronizedRootGroup;
			path = HTAppTests;
			sourceTree = "<group>";
		};
		3141DD212D948A75008C9837 /* HTAppUITests */ = {
			isa = PBXFileSystemSynchronizedRootGroup;
			path = HTAppUITests;
			sourceTree = "<group>";
		};
/* End PBXFileSystemSynchronizedRootGroup section */

/* Begin PBXFrameworksBuildPhase section */
		3141DD002D948A73008C9837 /* Frameworks */ = {
			isa = PBXFrameworksBuildPhase;
			buildActionMask = 2147483647;
			files = (
				3141DD3B2D9497F3008C9837 /* _ConnectionPoolModule in Frameworks */,
				3119D8332D94AF930000E285 /* GooglePlacesSwift in Frameworks */,
				3119D8312D94AF930000E285 /* GooglePlaces in Frameworks */,
				311C95F32D963E6500C70582 /* GoogleGenerativeAI in Frameworks */,
				3141DD392D9497F3008C9837 /* PostgresNIO in Frameworks */,
				3141DD3F2D949903008C9837 /* GoogleMaps in Frameworks */,
			);
			runOnlyForDeploymentPostprocessing = 0;
		};
		3141DD112D948A75008C9837 /* Frameworks */ = {
			isa = PBXFrameworksBuildPhase;
			buildActionMask = 2147483647;
			files = (
			);
			runOnlyForDeploymentPostprocessing = 0;
		};
		3141DD1B2D948A75008C9837 /* Frameworks */ = {
			isa = PBXFrameworksBuildPhase;
			buildActionMask = 2147483647;
			files = (
			);
			runOnlyForDeploymentPostprocessing = 0;
		};
/* End PBXFrameworksBuildPhase section */

/* Begin PBXGroup section */
		3141DCFA2D948A73008C9837 = {
			isa = PBXGroup;
			children = (
				3141DD052D948A73008C9837 /* HTApp */,
				3141DD172D948A75008C9837 /* HTAppTests */,
				3141DD212D948A75008C9837 /* HTAppUITests */,
				3141DD042D948A73008C9837 /* Products */,
			);
			sourceTree = "<group>";
		};
		3141DD042D948A73008C9837 /* Products */ = {
			isa = PBXGroup;
			children = (
				3141DD032D948A73008C9837 /* HTApp.app */,
				3141DD142D948A75008C9837 /* HTAppTests.xctest */,
				3141DD1E2D948A75008C9837 /* HTAppUITests.xctest */,
			);
			name = Products;
			sourceTree = "<group>";
		};
/* End PBXGroup section */

/* Begin PBXNativeTarget section */
		3141DD022D948A73008C9837 /* HTApp */ = {
			isa = PBXNativeTarget;
			buildConfigurationList = 3141DD282D948A75008C9837 /* Build configuration list for PBXNativeTarget "HTApp" */;
			buildPhases = (
				3141DCFF2D948A73008C9837 /* Sources */,
				3141DD002D948A73008C9837 /* Frameworks */,
				3141DD012D948A73008C9837 /* Resources */,
			);
			buildRules = (
			);
			dependencies = (
			);
			fileSystemSynchronizedGroups = (
				3141DD052D948A73008C9837 /* HTApp */,
			);
			name = HTApp;
			packageProductDependencies = (
				3141DD382D9497F3008C9837 /* PostgresNIO */,
				3141DD3A2D9497F3008C9837 /* _ConnectionPoolModule */,
				3141DD3E2D949903008C9837 /* GoogleMaps */,
				3119D8302D94AF930000E285 /* GooglePlaces */,
				3119D8322D94AF930000E285 /* GooglePlacesSwift */,
				311C95F22D963E6500C70582 /* GoogleGenerativeAI */,
			);
			productName = HTApp;
			productReference = 3141DD032D948A73008C9837 /* HTApp.app */;
			productType = "com.apple.product-type.application";
		};
		3141DD132D948A75008C9837 /* HTAppTests */ = {
			isa = PBXNativeTarget;
			buildConfigurationList = 3141DD2B2D948A75008C9837 /* Build configuration list for PBXNativeTarget "HTAppTests" */;
			buildPhases = (
				3141DD102D948A75008C9837 /* Sources */,
				3141DD112D948A75008C9837 /* Frameworks */,
				3141DD122D948A75008C9837 /* Resources */,
			);
			buildRules = (
			);
			dependencies = (
				3141DD162D948A75008C9837 /* PBXTargetDependency */,
			);
			fileSystemSynchronizedGroups = (
				3141DD172D948A75008C9837 /* HTAppTests */,
			);
			name = HTAppTests;
			packageProductDependencies = (
			);
			productName = HTAppTests;
			productReference = 3141DD142D948A75008C9837 /* HTAppTests.xctest */;
			productType = "com.apple.product-type.bundle.unit-test";
		};
		3141DD1D2D948A75008C9837 /* HTAppUITests */ = {
			isa = PBXNativeTarget;
			buildConfigurationList = 3141DD2E2D948A75008C9837 /* Build configuration list for PBXNativeTarget "HTAppUITests" */;
			buildPhases = (
				3141DD1A2D948A75008C9837 /* Sources */,
				3141DD1B2D948A75008C9837 /* Frameworks */,
				3141DD1C2D948A75008C9837 /* Resources */,
			);
			buildRules = (
			);
			dependencies = (
				3141DD202D948A75008C9837 /* PBXTargetDependency */,
			);
			fileSystemSynchronizedGroups = (
				3141DD212D948A75008C9837 /* HTAppUITests */,
			);
			name = HTAppUITests;
			packageProductDependencies = (
			);
			productName = HTAppUITests;
			productReference = 3141DD1E2D948A75008C9837 /* HTAppUITests.xctest */;
			productType = "com.apple.product-type.bundle.ui-testing";
		};
/* End PBXNativeTarget section */

/* Begin PBXProject section */
		3141DCFB2D948A73008C9837 /* Project object */ = {
			isa = PBXProject;
			attributes = {
				BuildIndependentTargetsInParallel = 1;
				LastSwiftUpdateCheck = 1620;
				LastUpgradeCheck = 1620;
				TargetAttributes = {
					3141DD022D948A73008C9837 = {
						CreatedOnToolsVersion = 16.2;
					};
					3141DD132D948A75008C9837 = {
						CreatedOnToolsVersion = 16.2;
						TestTargetID = 3141DD022D948A73008C9837;
					};
					3141DD1D2D948A75008C9837 = {
						CreatedOnToolsVersion = 16.2;
						TestTargetID = 3141DD022D948A73008C9837;
					};
				};
			};
			buildConfigurationList = 3141DCFE2D948A73008C9837 /* Build configuration list for PBXProject "HTApp" */;
			developmentRegion = en;
			hasScannedForEncodings = 0;
			knownRegions = (
				en,
				Base,
			);
			mainGroup = 3141DCFA2D948A73008C9837;
			minimizedProjectReferenceProxies = 1;
			packageReferences = (
				3141DD372D9497F3008C9837 /* XCRemoteSwiftPackageReference "postgres-nio" */,
				3141DD3D2D949903008C9837 /* XCRemoteSwiftPackageReference "ios-maps-sdk" */,
				3119D82F2D94AF930000E285 /* XCRemoteSwiftPackageReference "ios-places-sdk" */,
				311C95F12D963E6500C70582 /* XCRemoteSwiftPackageReference "generative-ai-swift" */,
			);
			preferredProjectObjectVersion = 77;
			productRefGroup = 3141DD042D948A73008C9837 /* Products */;
			projectDirPath = "";
			projectRoot = "";
			targets = (
				3141DD022D948A73008C9837 /* HTApp */,
				3141DD132D948A75008C9837 /* HTAppTests */,
				3141DD1D2D948A75008C9837 /* HTAppUITests */,
			);
		};
/* End PBXProject section */

/* Begin PBXResourcesBuildPhase section */
		3141DD012D948A73008C9837 /* Resources */ = {
			isa = PBXResourcesBuildPhase;
			buildActionMask = 2147483647;
			files = (
			);
			runOnlyForDeploymentPostprocessing = 0;
		};
		3141DD122D948A75008C9837 /* Resources */ = {
			isa = PBXResourcesBuildPhase;
			buildActionMask = 2147483647;
			files = (
			);
			runOnlyForDeploymentPostprocessing = 0;
		};
		3141DD1C2D948A75008C9837 /* Resources */ = {
			isa = PBXResourcesBuildPhase;
			buildActionMask = 2147483647;
			files = (
			);
			runOnlyForDeploymentPostprocessing = 0;
		};
/* End PBXResourcesBuildPhase section */

/* Begin PBXSourcesBuildPhase section */
		3141DCFF2D948A73008C9837 /* Sources */ = {
			isa = PBXSourcesBuildPhase;
			buildActionMask = 2147483647;
			files = (
			);
			runOnlyForDeploymentPostprocessing = 0;
		};
		3141DD102D948A75008C9837 /* Sources */ = {
			isa = PBXSourcesBuildPhase;
			buildActionMask = 2147483647;
			files = (
			);
			runOnlyForDeploymentPostprocessing = 0;
		};
		3141DD1A2D948A75008C9837 /* Sources */ = {
			isa = PBXSourcesBuildPhase;
			buildActionMask = 2147483647;
			files = (
			);
			runOnlyForDeploymentPostprocessing = 0;
		};
/* End PBXSourcesBuildPhase section */

/* Begin PBXTargetDependency section */
		3141DD162D948A75008C9837 /* PBXTargetDependency */ = {
			isa = PBXTargetDependency;
			target = 3141DD022D948A73008C9837 /* HTApp */;
			targetProxy = 3141DD152D948A75008C9837 /* PBXContainerItemProxy */;
		};
		3141DD202D948A75008C9837 /* PBXTargetDependency */ = {
			isa = PBXTargetDependency;
			target = 3141DD022D948A73008C9837 /* HTApp */;
			targetProxy = 3141DD1F2D948A75008C9837 /* PBXContainerItemProxy */;
		};
/* End PBXTargetDependency section */

/* Begin XCBuildConfiguration section */
		3141DD262D948A75008C9837 /* Debug */ = {
			isa = XCBuildConfiguration;
			buildSettings = {
				ALWAYS_SEARCH_USER_PATHS = NO;
				ASSETCATALOG_COMPILER_GENERATE_SWIFT_ASSET_SYMBOL_EXTENSIONS = YES;
				CLANG_ANALYZER_NONNULL = YES;
				CLANG_ANALYZER_NUMBER_OBJECT_CONVERSION = YES_AGGRESSIVE;
				CLANG_CXX_LANGUAGE_STANDARD = "gnu++20";
				CLANG_ENABLE_MODULES = YES;
				CLANG_ENABLE_OBJC_ARC = YES;
				CLANG_ENABLE_OBJC_WEAK = YES;
				CLANG_WARN_BLOCK_CAPTURE_AUTORELEASING = YES;
				CLANG_WARN_BOOL_CONVERSION = YES;
				CLANG_WARN_COMMA = YES;
				CLANG_WARN_CONSTANT_CONVERSION = YES;
				CLANG_WARN_DEPRECATED_OBJC_IMPLEMENTATIONS = YES;
				CLANG_WARN_DIRECT_OBJC_ISA_USAGE = YES_ERROR;
				CLANG_WARN_DOCUMENTATION_COMMENTS = YES;
				CLANG_WARN_EMPTY_BODY = YES;
				CLANG_WARN_ENUM_CONVERSION = YES;
				CLANG_WARN_INFINITE_RECURSION = YES;
				CLANG_WARN_INT_CONVERSION = YES;
				CLANG_WARN_NON_LITERAL_NULL_CONVERSION = YES;
				CLANG_WARN_OBJC_IMPLICIT_RETAIN_SELF = YES;
				CLANG_WARN_OBJC_LITERAL_CONVERSION = YES;
				CLANG_WARN_OBJC_ROOT_CLASS = YES_ERROR;
				CLANG_WARN_QUOTED_INCLUDE_IN_FRAMEWORK_HEADER = YES;
				CLANG_WARN_RANGE_LOOP_ANALYSIS = YES;
				CLANG_WARN_STRICT_PROTOTYPES = YES;
				CLANG_WARN_SUSPICIOUS_MOVE = YES;
				CLANG_WARN_UNGUARDED_AVAILABILITY = YES_AGGRESSIVE;
				CLANG_WARN_UNREACHABLE_CODE = YES;
				CLANG_WARN__DUPLICATE_METHOD_MATCH = YES;
				COPY_PHASE_STRIP = NO;
				DEBUG_INFORMATION_FORMAT = dwarf;
				ENABLE_STRICT_OBJC_MSGSEND = YES;
				ENABLE_TESTABILITY = YES;
				ENABLE_USER_SCRIPT_SANDBOXING = YES;
				GCC_C_LANGUAGE_STANDARD = gnu17;
				GCC_DYNAMIC_NO_PIC = NO;
				GCC_NO_COMMON_BLOCKS = YES;
				GCC_OPTIMIZATION_LEVEL = 0;
				GCC_PREPROCESSOR_DEFINITIONS = (
					"DEBUG=1",
					"$(inherited)",
				);
				GCC_WARN_64_TO_32_BIT_CONVERSION = YES;
				GCC_WARN_ABOUT_RETURN_TYPE = YES_ERROR;
				GCC_WARN_UNDECLARED_SELECTOR = YES;
				GCC_WARN_UNINITIALIZED_AUTOS = YES_AGGRESSIVE;
				GCC_WARN_UNUSED_FUNCTION = YES;
				GCC_WARN_UNUSED_VARIABLE = YES;
				LOCALIZATION_PREFERS_STRING_CATALOGS = YES;
				MTL_ENABLE_DEBUG_INFO = INCLUDE_SOURCE;
				MTL_FAST_MATH = YES;
				ONLY_ACTIVE_ARCH = YES;
				SWIFT_ACTIVE_COMPILATION_CONDITIONS = "DEBUG $(inherited)";
				SWIFT_OPTIMIZATION_LEVEL = "-Onone";
			};
			name = Debug;
		};
		3141DD272D948A75008C9837 /* Release */ = {
			isa = XCBuildConfiguration;
			buildSettings = {
				ALWAYS_SEARCH_USER_PATHS = NO;
				ASSETCATALOG_COMPILER_GENERATE_SWIFT_ASSET_SYMBOL_EXTENSIONS = YES;
				CLANG_ANALYZER_NONNULL = YES;
				CLANG_ANALYZER_NUMBER_OBJECT_CONVERSION = YES_AGGRESSIVE;
				CLANG_CXX_LANGUAGE_STANDARD = "gnu++20";
				CLANG_ENABLE_MODULES = YES;
				CLANG_ENABLE_OBJC_ARC = YES;
				CLANG_ENABLE_OBJC_WEAK = YES;
				CLANG_WARN_BLOCK_CAPTURE_AUTORELEASING = YES;
				CLANG_WARN_BOOL_CONVERSION = YES;
				CLANG_WARN_COMMA = YES;
				CLANG_WARN_CONSTANT_CONVERSION = YES;
				CLANG_WARN_DEPRECATED_OBJC_IMPLEMENTATIONS = YES;
				CLANG_WARN_DIRECT_OBJC_ISA_USAGE = YES_ERROR;
				CLANG_WARN_DOCUMENTATION_COMMENTS = YES;
				CLANG_WARN_EMPTY_BODY = YES;
				CLANG_WARN_ENUM_CONVERSION = YES;
				CLANG_WARN_INFINITE_RECURSION = YES;
				CLANG_WARN_INT_CONVERSION = YES;
				CLANG_WARN_NON_LITERAL_NULL_CONVERSION = YES;
				CLANG_WARN_OBJC_IMPLICIT_RETAIN_SELF = YES;
				CLANG_WARN_OBJC_LITERAL_CONVERSION = YES;
				CLANG_WARN_OBJC_ROOT_CLASS = YES_ERROR;
				CLANG_WARN_QUOTED_INCLUDE_IN_FRAMEWORK_HEADER = YES;
				CLANG_WARN_RANGE_LOOP_ANALYSIS = YES;
				CLANG_WARN_STRICT_PROTOTYPES = YES;
				CLANG_WARN_SUSPICIOUS_MOVE = YES;
				CLANG_WARN_UNGUARDED_AVAILABILITY = YES_AGGRESSIVE;
				CLANG_WARN_UNREACHABLE_CODE = YES;
				CLANG_WARN__DUPLICATE_METHOD_MATCH = YES;
				COPY_PHASE_STRIP = NO;
				DEBUG_INFORMATION_FORMAT = "dwarf-with-dsym";
				ENABLE_NS_ASSERTIONS = NO;
				ENABLE_STRICT_OBJC_MSGSEND = YES;
				ENABLE_USER_SCRIPT_SANDBOXING = YES;
				GCC_C_LANGUAGE_STANDARD = gnu17;
				GCC_NO_COMMON_BLOCKS = YES;
				GCC_WARN_64_TO_32_BIT_CONVERSION = YES;
				GCC_WARN_ABOUT_RETURN_TYPE = YES_ERROR;
				GCC_WARN_UNDECLARED_SELECTOR = YES;
				GCC_WARN_UNINITIALIZED_AUTOS = YES_AGGRESSIVE;
				GCC_WARN_UNUSED_FUNCTION = YES;
				GCC_WARN_UNUSED_VARIABLE = YES;
				LOCALIZATION_PREFERS_STRING_CATALOGS = YES;
				MTL_ENABLE_DEBUG_INFO = NO;
				MTL_FAST_MATH = YES;
				SWIFT_COMPILATION_MODE = wholemodule;
			};
			name = Release;
		};
		3141DD292D948A75008C9837 /* Debug */ = {
			isa = XCBuildConfiguration;
			buildSettings = {
				ASSETCATALOG_COMPILER_APPICON_NAME = AppIcon;
				ASSETCATALOG_COMPILER_GLOBAL_ACCENT_COLOR_NAME = AccentColor;
				CODE_SIGN_ENTITLEMENTS = HTApp/HTApp.entitlements;
				CODE_SIGN_STYLE = Automatic;
				CURRENT_PROJECT_VERSION = 1;
				DEVELOPMENT_ASSET_PATHS = "\"HTApp/Preview Content\"";
				DEVELOPMENT_TEAM = 8C7XVHCV3T;
				ENABLE_HARDENED_RUNTIME = YES;
				ENABLE_PREVIEWS = YES;
				GENERATE_INFOPLIST_FILE = YES;
				INFOPLIST_FILE = HTApp/Info.plist;
				INFOPLIST_KEY_CFBundleDisplayName = "";
				INFOPLIST_KEY_LSApplicationCategoryType = "";
				INFOPLIST_KEY_NSCalendarsUsageDescription = "Display and manage events";
				INFOPLIST_KEY_NSHumanReadableCopyright = "";
				INFOPLIST_KEY_NSLocationAlwaysAndWhenInUseUsageDescription = "We need your location to improve your experience.";
				INFOPLIST_KEY_NSLocationAlwaysUsageDescription = "We need access to your location even when the app is in the background.";
				INFOPLIST_KEY_NSLocationWhenInUseUsageDescription = "We use your location to provide better services.";
				"INFOPLIST_KEY_UIApplicationSceneManifest_Generation[sdk=iphoneos*]" = YES;
				"INFOPLIST_KEY_UIApplicationSceneManifest_Generation[sdk=iphonesimulator*]" = YES;
				"INFOPLIST_KEY_UIApplicationSupportsIndirectInputEvents[sdk=iphoneos*]" = YES;
				"INFOPLIST_KEY_UIApplicationSupportsIndirectInputEvents[sdk=iphonesimulator*]" = YES;
				"INFOPLIST_KEY_UILaunchScreen_Generation[sdk=iphoneos*]" = YES;
				"INFOPLIST_KEY_UILaunchScreen_Generation[sdk=iphonesimulator*]" = YES;
				INFOPLIST_KEY_UILaunchStoryboardName = "Launch Screen";
				"INFOPLIST_KEY_UIStatusBarStyle[sdk=iphoneos*]" = UIStatusBarStyleDefault;
				"INFOPLIST_KEY_UIStatusBarStyle[sdk=iphonesimulator*]" = UIStatusBarStyleDefault;
				INFOPLIST_KEY_UISupportedInterfaceOrientations_iPad = "UIInterfaceOrientationPortrait UIInterfaceOrientationPortraitUpsideDown UIInterfaceOrientationLandscapeLeft UIInterfaceOrientationLandscapeRight";
				INFOPLIST_KEY_UISupportedInterfaceOrientations_iPhone = "UIInterfaceOrientationPortrait UIInterfaceOrientationLandscapeLeft UIInterfaceOrientationLandscapeRight";
				IPHONEOS_DEPLOYMENT_TARGET = 18.2;
				LD_RUNPATH_SEARCH_PATHS = "@executable_path/Frameworks";
				"LD_RUNPATH_SEARCH_PATHS[sdk=macosx*]" = "@executable_path/../Frameworks";
				MACOSX_DEPLOYMENT_TARGET = 14.5;
				MARKETING_VERSION = 1.0;
				PRODUCT_BUNDLE_IDENTIFIER = com.HTApp;
				PRODUCT_NAME = "$(TARGET_NAME)";
				SDKROOT = auto;
				SUPPORTED_PLATFORMS = "iphoneos iphonesimulator macosx xros xrsimulator";
				SWIFT_EMIT_LOC_STRINGS = YES;
				SWIFT_VERSION = 5.0;
				TARGETED_DEVICE_FAMILY = "1,2,7";
				XROS_DEPLOYMENT_TARGET = 2.2;
			};
			name = Debug;
		};
		3141DD2A2D948A75008C9837 /* Release */ = {
			isa = XCBuildConfiguration;
			buildSettings = {
				ASSETCATALOG_COMPILER_APPICON_NAME = AppIcon;
				ASSETCATALOG_COMPILER_GLOBAL_ACCENT_COLOR_NAME = AccentColor;
				CODE_SIGN_ENTITLEMENTS = HTApp/HTApp.entitlements;
				CODE_SIGN_STYLE = Automatic;
				CURRENT_PROJECT_VERSION = 1;
				DEVELOPMENT_ASSET_PATHS = "\"HTApp/Preview Content\"";
				DEVELOPMENT_TEAM = 8C7XVHCV3T;
				ENABLE_HARDENED_RUNTIME = YES;
				ENABLE_PREVIEWS = YES;
				GENERATE_INFOPLIST_FILE = YES;
				INFOPLIST_FILE = HTApp/Info.plist;
				INFOPLIST_KEY_CFBundleDisplayName = "";
				INFOPLIST_KEY_LSApplicationCategoryType = "";
				INFOPLIST_KEY_NSCalendarsUsageDescription = "Display and manage events";
				INFOPLIST_KEY_NSHumanReadableCopyright = "";
				INFOPLIST_KEY_NSLocationAlwaysAndWhenInUseUsageDescription = "We need your location to improve your experience.";
				INFOPLIST_KEY_NSLocationAlwaysUsageDescription = "We need access to your location even when the app is in the background.";
				INFOPLIST_KEY_NSLocationWhenInUseUsageDescription = "We use your location to provide better services.";
				"INFOPLIST_KEY_UIApplicationSceneManifest_Generation[sdk=iphoneos*]" = YES;
				"INFOPLIST_KEY_UIApplicationSceneManifest_Generation[sdk=iphonesimulator*]" = YES;
				"INFOPLIST_KEY_UIApplicationSupportsIndirectInputEvents[sdk=iphoneos*]" = YES;
				"INFOPLIST_KEY_UIApplicationSupportsIndirectInputEvents[sdk=iphonesimulator*]" = YES;
				"INFOPLIST_KEY_UILaunchScreen_Generation[sdk=iphoneos*]" = YES;
				"INFOPLIST_KEY_UILaunchScreen_Generation[sdk=iphonesimulator*]" = YES;
				INFOPLIST_KEY_UILaunchStoryboardName = "Launch Screen";
				"INFOPLIST_KEY_UIStatusBarStyle[sdk=iphoneos*]" = UIStatusBarStyleDefault;
				"INFOPLIST_KEY_UIStatusBarStyle[sdk=iphonesimulator*]" = UIStatusBarStyleDefault;
				INFOPLIST_KEY_UISupportedInterfaceOrientations_iPad = "UIInterfaceOrientationPortrait UIInterfaceOrientationPortraitUpsideDown UIInterfaceOrientationLandscapeLeft UIInterfaceOrientationLandscapeRight";
				INFOPLIST_KEY_UISupportedInterfaceOrientations_iPhone = "UIInterfaceOrientationPortrait UIInterfaceOrientationLandscapeLeft UIInterfaceOrientationLandscapeRight";
				IPHONEOS_DEPLOYMENT_TARGET = 18.2;
				LD_RUNPATH_SEARCH_PATHS = "@executable_path/Frameworks";
				"LD_RUNPATH_SEARCH_PATHS[sdk=macosx*]" = "@executable_path/../Frameworks";
				MACOSX_DEPLOYMENT_TARGET = 14.5;
				MARKETING_VERSION = 1.0;
				PRODUCT_BUNDLE_IDENTIFIER = com.HTApp;
				PRODUCT_NAME = "$(TARGET_NAME)";
				SDKROOT = auto;
				SUPPORTED_PLATFORMS = "iphoneos iphonesimulator macosx xros xrsimulator";
				SWIFT_EMIT_LOC_STRINGS = YES;
				SWIFT_VERSION = 5.0;
				TARGETED_DEVICE_FAMILY = "1,2,7";
				XROS_DEPLOYMENT_TARGET = 2.2;
			};
			name = Release;
		};
		3141DD2C2D948A75008C9837 /* Debug */ = {
			isa = XCBuildConfiguration;
			buildSettings = {
				BUNDLE_LOADER = "$(TEST_HOST)";
				CODE_SIGN_STYLE = Automatic;
				CURRENT_PROJECT_VERSION = 1;
				DEVELOPMENT_TEAM = 8C7XVHCV3T;
				GENERATE_INFOPLIST_FILE = YES;
				IPHONEOS_DEPLOYMENT_TARGET = 18.2;
				MACOSX_DEPLOYMENT_TARGET = 14.5;
				MARKETING_VERSION = 1.0;
				PRODUCT_BUNDLE_IDENTIFIER = avisink.github.io.HTAppTests;
				PRODUCT_NAME = "$(TARGET_NAME)";
				SDKROOT = auto;
				SUPPORTED_PLATFORMS = "iphoneos iphonesimulator macosx xros xrsimulator";
				SWIFT_EMIT_LOC_STRINGS = NO;
				SWIFT_VERSION = 5.0;
				TARGETED_DEVICE_FAMILY = "1,2,7";
				TEST_HOST = "$(BUILT_PRODUCTS_DIR)/HTApp.app/$(BUNDLE_EXECUTABLE_FOLDER_PATH)/HTApp";
				XROS_DEPLOYMENT_TARGET = 2.2;
			};
			name = Debug;
		};
		3141DD2D2D948A75008C9837 /* Release */ = {
			isa = XCBuildConfiguration;
			buildSettings = {
				BUNDLE_LOADER = "$(TEST_HOST)";
				CODE_SIGN_STYLE = Automatic;
				CURRENT_PROJECT_VERSION = 1;
				DEVELOPMENT_TEAM = 8C7XVHCV3T;
				GENERATE_INFOPLIST_FILE = YES;
				IPHONEOS_DEPLOYMENT_TARGET = 18.2;
				MACOSX_DEPLOYMENT_TARGET = 14.5;
				MARKETING_VERSION = 1.0;
				PRODUCT_BUNDLE_IDENTIFIER = avisink.github.io.HTAppTests;
				PRODUCT_NAME = "$(TARGET_NAME)";
				SDKROOT = auto;
				SUPPORTED_PLATFORMS = "iphoneos iphonesimulator macosx xros xrsimulator";
				SWIFT_EMIT_LOC_STRINGS = NO;
				SWIFT_VERSION = 5.0;
				TARGETED_DEVICE_FAMILY = "1,2,7";
				TEST_HOST = "$(BUILT_PRODUCTS_DIR)/HTApp.app/$(BUNDLE_EXECUTABLE_FOLDER_PATH)/HTApp";
				XROS_DEPLOYMENT_TARGET = 2.2;
			};
			name = Release;
		};
		3141DD2F2D948A75008C9837 /* Debug */ = {
			isa = XCBuildConfiguration;
			buildSettings = {
				CODE_SIGN_STYLE = Automatic;
				CURRENT_PROJECT_VERSION = 1;
				DEVELOPMENT_TEAM = 8C7XVHCV3T;
				GENERATE_INFOPLIST_FILE = YES;
				IPHONEOS_DEPLOYMENT_TARGET = 18.2;
				MACOSX_DEPLOYMENT_TARGET = 14.5;
				MARKETING_VERSION = 1.0;
				PRODUCT_BUNDLE_IDENTIFIER = avisink.github.io.HTAppUITests;
				PRODUCT_NAME = "$(TARGET_NAME)";
				SDKROOT = auto;
				SUPPORTED_PLATFORMS = "iphoneos iphonesimulator macosx xros xrsimulator";
				SWIFT_EMIT_LOC_STRINGS = NO;
				SWIFT_VERSION = 5.0;
				TARGETED_DEVICE_FAMILY = "1,2,7";
				TEST_TARGET_NAME = HTApp;
				XROS_DEPLOYMENT_TARGET = 2.2;
			};
			name = Debug;
		};
		3141DD302D948A75008C9837 /* Release */ = {
			isa = XCBuildConfiguration;
			buildSettings = {
				CODE_SIGN_STYLE = Automatic;
				CURRENT_PROJECT_VERSION = 1;
				DEVELOPMENT_TEAM = 8C7XVHCV3T;
				GENERATE_INFOPLIST_FILE = YES;
				IPHONEOS_DEPLOYMENT_TARGET = 18.2;
				MACOSX_DEPLOYMENT_TARGET = 14.5;
				MARKETING_VERSION = 1.0;
				PRODUCT_BUNDLE_IDENTIFIER = avisink.github.io.HTAppUITests;
				PRODUCT_NAME = "$(TARGET_NAME)";
				SDKROOT = auto;
				SUPPORTED_PLATFORMS = "iphoneos iphonesimulator macosx xros xrsimulator";
				SWIFT_EMIT_LOC_STRINGS = NO;
				SWIFT_VERSION = 5.0;
				TARGETED_DEVICE_FAMILY = "1,2,7";
				TEST_TARGET_NAME = HTApp;
				XROS_DEPLOYMENT_TARGET = 2.2;
			};
			name = Release;
		};
/* End XCBuildConfiguration section */

/* Begin XCConfigurationList section */
		3141DCFE2D948A73008C9837 /* Build configuration list for PBXProject "HTApp" */ = {
			isa = XCConfigurationList;
			buildConfigurations = (
				3141DD262D948A75008C9837 /* Debug */,
				3141DD272D948A75008C9837 /* Release */,
			);
			defaultConfigurationIsVisible = 0;
			defaultConfigurationName = Release;
		};
		3141DD282D948A75008C9837 /* Build configuration list for PBXNativeTarget "HTApp" */ = {
			isa = XCConfigurationList;
			buildConfigurations = (
				3141DD292D948A75008C9837 /* Debug */,
				3141DD2A2D948A75008C9837 /* Release */,
			);
			defaultConfigurationIsVisible = 0;
			defaultConfigurationName = Release;
		};
		3141DD2B2D948A75008C9837 /* Build configuration list for PBXNativeTarget "HTAppTests" */ = {
			isa = XCConfigurationList;
			buildConfigurations = (
				3141DD2C2D948A75008C9837 /* Debug */,
				3141DD2D2D948A75008C9837 /* Release */,
			);
			defaultConfigurationIsVisible = 0;
			defaultConfigurationName = Release;
		};
		3141DD2E2D948A75008C9837 /* Build configuration list for PBXNativeTarget "HTAppUITests" */ = {
			isa = XCConfigurationList;
			buildConfigurations = (
				3141DD2F2D948A75008C9837 /* Debug */,
				3141DD302D948A75008C9837 /* Release */,
			);
			defaultConfigurationIsVisible = 0;
			defaultConfigurationName = Release;
		};
/* End XCConfigurationList section */

/* Begin XCRemoteSwiftPackageReference section */
		3119D82F2D94AF930000E285 /* XCRemoteSwiftPackageReference "ios-places-sdk" */ = {
			isa = XCRemoteSwiftPackageReference;
			repositoryURL = "https://github.com/googlemaps/ios-places-sdk";
			requirement = {
				kind = upToNextMajorVersion;
				minimumVersion = 9.4.1;
			};
		};
		311C95F12D963E6500C70582 /* XCRemoteSwiftPackageReference "generative-ai-swift" */ = {
			isa = XCRemoteSwiftPackageReference;
			repositoryURL = "https://github.com/google/generative-ai-swift";
			requirement = {
				kind = upToNextMajorVersion;
				minimumVersion = 0.5.6;
			};
		};
		3141DD372D9497F3008C9837 /* XCRemoteSwiftPackageReference "postgres-nio" */ = {
			isa = XCRemoteSwiftPackageReference;
			repositoryURL = "https://github.com/vapor/postgres-nio.git";
			requirement = {
				kind = upToNextMajorVersion;
				minimumVersion = 1.25.0;
			};
		};
		3141DD3D2D949903008C9837 /* XCRemoteSwiftPackageReference "ios-maps-sdk" */ = {
			isa = XCRemoteSwiftPackageReference;
			repositoryURL = "https://github.com/googlemaps/ios-maps-sdk";
			requirement = {
				kind = upToNextMajorVersion;
				minimumVersion = 9.4.0;
			};
		};
/* End XCRemoteSwiftPackageReference section */

/* Begin XCSwiftPackageProductDependency section */
		3119D8302D94AF930000E285 /* GooglePlaces */ = {
			isa = XCSwiftPackageProductDependency;
			package = 3119D82F2D94AF930000E285 /* XCRemoteSwiftPackageReference "ios-places-sdk" */;
			productName = GooglePlaces;
		};
		3119D8322D94AF930000E285 /* GooglePlacesSwift */ = {
			isa = XCSwiftPackageProductDependency;
			package = 3119D82F2D94AF930000E285 /* XCRemoteSwiftPackageReference "ios-places-sdk" */;
			productName = GooglePlacesSwift;
		};
		311C95F22D963E6500C70582 /* GoogleGenerativeAI */ = {
			isa = XCSwiftPackageProductDependency;
			package = 311C95F12D963E6500C70582 /* XCRemoteSwiftPackageReference "generative-ai-swift" */;
			productName = GoogleGenerativeAI;
		};
		3141DD382D9497F3008C9837 /* PostgresNIO */ = {
			isa = XCSwiftPackageProductDependency;
			package = 3141DD372D9497F3008C9837 /* XCRemoteSwiftPackageReference "postgres-nio" */;
			productName = PostgresNIO;
		};
		3141DD3A2D9497F3008C9837 /* _ConnectionPoolModule */ = {
			isa = XCSwiftPackageProductDependency;
			package = 3141DD372D9497F3008C9837 /* XCRemoteSwiftPackageReference "postgres-nio" */;
			productName = _ConnectionPoolModule;
		};
		3141DD3E2D949903008C9837 /* GoogleMaps */ = {
			isa = XCSwiftPackageProductDependency;
			package = 3141DD3D2D949903008C9837 /* XCRemoteSwiftPackageReference "ios-maps-sdk" */;
			productName = GoogleMaps;
		};
/* End XCSwiftPackageProductDependency section */
	};
	rootObject = 3141DCFB2D948A73008C9837 /* Project object */;
}
